
Microsoft Visual Studio Solution File, Format Version 12.00
# Visual Studio 2013
VisualStudioVersion = 12.0.30110.0
MinimumVisualStudioVersion = 10.0.40219.1
Project("{FAE04EC0-301F-11D3-BF4B-00C04F79EFBC}") = "Cartisan", "Cartisan\Cartisan.csproj", "{E6DB5B35-DEEF-455D-9EC6-C8874571E7A6}"
EndProject
Project("{FAE04EC0-301F-11D3-BF4B-00C04F79EFBC}") = "Cartisan.Web", "Cartisan.Web\Cartisan.Web.csproj", "{FA2D9511-C23D-4FD1-B15A-A513528CF4B6}"
EndProject
Project("{FAE04EC0-301F-11D3-BF4B-00C04F79EFBC}") = "Cartisan.Web.Mvc", "Cartisan.Web.Mvc\Cartisan.Web.Mvc.csproj", "{3CE744EF-20F8-4A35-9C4A-3C3368D71E55}"
EndProject
Project("{FAE04EC0-301F-11D3-BF4B-00C04F79EFBC}") = "Cartisan.Web.Mvc.Tests", "Cartisan.Web.Mvc.Tests\Cartisan.Web.Mvc.Tests.csproj", "{4BBED3C4-5CAB-43F6-BB26-950BEAC4B452}"
EndProject
Project("{FAE04EC0-301F-11D3-BF4B-00C04F79EFBC}") = "Cartisan.EntityFramework", "Cartisan.EntityFramework\Cartisan.EntityFramework.csproj", "{56B87B26-5EEF-4350-B7D0-F6F9ABF2745A}"
EndProject
Project("{FAE04EC0-301F-11D3-BF4B-00C04F79EFBC}") = "Cartisan.Log4Net", "Cartisan.Log4Net\Cartisan.Log4Net.csproj", "{D4D7B2FD-5141-4260-8BE8-98588F3C15F7}"
EndProject
Project("{FAE04EC0-301F-11D3-BF4B-00C04F79EFBC}") = "Cartisan.NHibernate", "Cartisan.NHibernate\Cartisan.NHibernate.csproj", "{27125F92-A5AD-4462-8B08-CBB2687DF626}"
EndProject
Project("{2150E333-8FDC-42A3-9474-1A3956D46DE8}") = ".nuget", ".nuget", "{DC0AE3B1-3F70-4F36-A944-37F3F30B5CEF}"
	ProjectSection(SolutionItems) = preProject
		.nuget\NuGet.Config = .nuget\NuGet.Config
		.nuget\NuGet.exe = .nuget\NuGet.exe
		.nuget\NuGet.targets = .nuget\NuGet.targets
	EndProjectSection
EndProject
Project("{FAE04EC0-301F-11D3-BF4B-00C04F79EFBC}") = "Cartisan.Dapper", "Cartisan.Dapper\Cartisan.Dapper.csproj", "{41219C38-4FAD-471D-A1E0-3D90F12AE3E4}"
EndProject
Project("{FAE04EC0-301F-11D3-BF4B-00C04F79EFBC}") = "Cartisan.StructureMap", "Cartisan.StructureMap\Cartisan.StructureMap.csproj", "{AFEFC00A-84F2-47BF-B541-4E822118C8BC}"
EndProject
Project("{FAE04EC0-301F-11D3-BF4B-00C04F79EFBC}") = "Cartisan.Autofac", "Cartisan.Autofac\Cartisan.Autofac.csproj", "{B9534D8C-A04B-4FB9-8F96-B84B9FC8E509}"
EndProject
Project("{FAE04EC0-301F-11D3-BF4B-00C04F79EFBC}") = "Cartisan.Autofac.Mvc", "Cartisan.Autofac.Mvc\Cartisan.Autofac.Mvc.csproj", "{24CDBAF4-47A3-4772-8EAD-A4C0C4172398}"
EndProject
Project("{FAE04EC0-301F-11D3-BF4B-00C04F79EFBC}") = "Cartisan.StructureMap.Mvc", "Cartisan.StructureMap.Mvc\Cartisan.StructureMap.Mvc.csproj", "{D9ABC9F8-AF06-490A-8DFB-F25438316A01}"
EndProject
Project("{FAE04EC0-301F-11D3-BF4B-00C04F79EFBC}") = "Cartisan.Javascript", "Cartisan.Javascript\Cartisan.Javascript.csproj", "{587BD5F5-F118-43FB-BACA-46576E9AA7EB}"
EndProject
Project("{FAE04EC0-301F-11D3-BF4B-00C04F79EFBC}") = "Cartisan.UnitTest", "Cartisan.UnitTest\Cartisan.UnitTest.csproj", "{530D4A5B-1D70-46BC-AA94-99F689A3A4FE}"
EndProject
Project("{FAE04EC0-301F-11D3-BF4B-00C04F79EFBC}") = "Cartisan.UnitTest.Mvc", "Cartisan.UnitTest.Mvc\Cartisan.UnitTest.Mvc.csproj", "{7B79B5F3-7D73-4274-AD7A-8AAE10FBE127}"
EndProject
Project("{FAE04EC0-301F-11D3-BF4B-00C04F79EFBC}") = "Cartisan.Components", "Cartisan.Components\Cartisan.Components.csproj", "{56A1AC2F-4A33-4819-AC88-0A6CA579F00C}"
EndProject
Project("{FAE04EC0-301F-11D3-BF4B-00C04F79EFBC}") = "Cartisan.AutoMapper", "Cartisan.AutoMapper\Cartisan.AutoMapper.csproj", "{F64AC361-A06E-44D2-A2B7-67C5AA8A3B37}"
EndProject
Project("{2150E333-8FDC-42A3-9474-1A3956D46DE8}") = "Tests", "Tests", "{01B9DC7E-7011-4D1A-8C2F-037C4924593B}"
EndProject
Project("{FAE04EC0-301F-11D3-BF4B-00C04F79EFBC}") = "Cartisan.Tests", "Cartisan.Tests\Cartisan.Tests.csproj", "{51951AE1-1480-4199-9CDB-B1116656050A}"
EndProject
Project("{FAE04EC0-301F-11D3-BF4B-00C04F79EFBC}") = "Cartisan.Quartz", "Cartisan.Quartz\Cartisan.Quartz.csproj", "{D05E0AEC-5C36-49BC-A4C3-728C5C26C871}"
EndProject
Global
	GlobalSection(SolutionConfigurationPlatforms) = preSolution
		Debug|Any CPU = Debug|Any CPU
		Release|Any CPU = Release|Any CPU
	EndGlobalSection
	GlobalSection(ProjectConfigurationPlatforms) = postSolution
		{E6DB5B35-DEEF-455D-9EC6-C8874571E7A6}.Debug|Any CPU.ActiveCfg = Debug|Any CPU
		{E6DB5B35-DEEF-455D-9EC6-C8874571E7A6}.Debug|Any CPU.Build.0 = Debug|Any CPU
		{E6DB5B35-DEEF-455D-9EC6-C8874571E7A6}.Release|Any CPU.ActiveCfg = Release|Any CPU
		{E6DB5B35-DEEF-455D-9EC6-C8874571E7A6}.Release|Any CPU.Build.0 = Release|Any CPU
		{FA2D9511-C23D-4FD1-B15A-A513528CF4B6}.Debug|Any CPU.ActiveCfg = Debug|Any CPU
		{FA2D9511-C23D-4FD1-B15A-A513528CF4B6}.Debug|Any CPU.Build.0 = Debug|Any CPU
		{FA2D9511-C23D-4FD1-B15A-A513528CF4B6}.Release|Any CPU.ActiveCfg = Release|Any CPU
		{FA2D9511-C23D-4FD1-B15A-A513528CF4B6}.Release|Any CPU.Build.0 = Release|Any CPU
		{3CE744EF-20F8-4A35-9C4A-3C3368D71E55}.Debug|Any CPU.ActiveCfg = Debug|Any CPU
		{3CE744EF-20F8-4A35-9C4A-3C3368D71E55}.Debug|Any CPU.Build.0 = Debug|Any CPU
		{3CE744EF-20F8-4A35-9C4A-3C3368D71E55}.Release|Any CPU.ActiveCfg = Release|Any CPU
		{3CE744EF-20F8-4A35-9C4A-3C3368D71E55}.Release|Any CPU.Build.0 = Release|Any CPU
		{4BBED3C4-5CAB-43F6-BB26-950BEAC4B452}.Debug|Any CPU.ActiveCfg = Debug|Any CPU
		{4BBED3C4-5CAB-43F6-BB26-950BEAC4B452}.Debug|Any CPU.Build.0 = Debug|Any CPU
		{4BBED3C4-5CAB-43F6-BB26-950BEAC4B452}.Release|Any CPU.ActiveCfg = Release|Any CPU
		{4BBED3C4-5CAB-43F6-BB26-950BEAC4B452}.Release|Any CPU.Build.0 = Release|Any CPU
		{56B87B26-5EEF-4350-B7D0-F6F9ABF2745A}.Debug|Any CPU.ActiveCfg = Debug|Any CPU
		{56B87B26-5EEF-4350-B7D0-F6F9ABF2745A}.Debug|Any CPU.Build.0 = Debug|Any CPU
		{56B87B26-5EEF-4350-B7D0-F6F9ABF2745A}.Release|Any CPU.ActiveCfg = Release|Any CPU
		{56B87B26-5EEF-4350-B7D0-F6F9ABF2745A}.Release|Any CPU.Build.0 = Release|Any CPU
		{D4D7B2FD-5141-4260-8BE8-98588F3C15F7}.Debug|Any CPU.ActiveCfg = Debug|Any CPU
		{D4D7B2FD-5141-4260-8BE8-98588F3C15F7}.Debug|Any CPU.Build.0 = Debug|Any CPU
		{D4D7B2FD-5141-4260-8BE8-98588F3C15F7}.Release|Any CPU.ActiveCfg = Release|Any CPU
		{D4D7B2FD-5141-4260-8BE8-98588F3C15F7}.Release|Any CPU.Build.0 = Release|Any CPU
		{27125F92-A5AD-4462-8B08-CBB2687DF626}.Debug|Any CPU.ActiveCfg = Debug|Any CPU
		{27125F92-A5AD-4462-8B08-CBB2687DF626}.Debug|Any CPU.Build.0 = Debug|Any CPU
		{27125F92-A5AD-4462-8B08-CBB2687DF626}.Release|Any CPU.ActiveCfg = Release|Any CPU
		{27125F92-A5AD-4462-8B08-CBB2687DF626}.Release|Any CPU.Build.0 = Release|Any CPU
		{41219C38-4FAD-471D-A1E0-3D90F12AE3E4}.Debug|Any CPU.ActiveCfg = Debug|Any CPU
		{41219C38-4FAD-471D-A1E0-3D90F12AE3E4}.Debug|Any CPU.Build.0 = Debug|Any CPU
		{41219C38-4FAD-471D-A1E0-3D90F12AE3E4}.Release|Any CPU.ActiveCfg = Release|Any CPU
		{41219C38-4FAD-471D-A1E0-3D90F12AE3E4}.Release|Any CPU.Build.0 = Release|Any CPU
		{AFEFC00A-84F2-47BF-B541-4E822118C8BC}.Debug|Any CPU.ActiveCfg = Debug|Any CPU
		{AFEFC00A-84F2-47BF-B541-4E822118C8BC}.Debug|Any CPU.Build.0 = Debug|Any CPU
		{AFEFC00A-84F2-47BF-B541-4E822118C8BC}.Release|Any CPU.ActiveCfg = Release|Any CPU
		{AFEFC00A-84F2-47BF-B541-4E822118C8BC}.Release|Any CPU.Build.0 = Release|Any CPU
		{B9534D8C-A04B-4FB9-8F96-B84B9FC8E509}.Debug|Any CPU.ActiveCfg = Debug|Any CPU
		{B9534D8C-A04B-4FB9-8F96-B84B9FC8E509}.Debug|Any CPU.Build.0 = Debug|Any CPU
		{B9534D8C-A04B-4FB9-8F96-B84B9FC8E509}.Release|Any CPU.ActiveCfg = Release|Any CPU
		{B9534D8C-A04B-4FB9-8F96-B84B9FC8E509}.Release|Any CPU.Build.0 = Release|Any CPU
		{24CDBAF4-47A3-4772-8EAD-A4C0C4172398}.Debug|Any CPU.ActiveCfg = Debug|Any CPU
		{24CDBAF4-47A3-4772-8EAD-A4C0C4172398}.Debug|Any CPU.Build.0 = Debug|Any CPU
		{24CDBAF4-47A3-4772-8EAD-A4C0C4172398}.Release|Any CPU.ActiveCfg = Release|Any CPU
		{24CDBAF4-47A3-4772-8EAD-A4C0C4172398}.Release|Any CPU.Build.0 = Release|Any CPU
		{D9ABC9F8-AF06-490A-8DFB-F25438316A01}.Debug|Any CPU.ActiveCfg = Debug|Any CPU
		{D9ABC9F8-AF06-490A-8DFB-F25438316A01}.Debug|Any CPU.Build.0 = Debug|Any CPU
		{D9ABC9F8-AF06-490A-8DFB-F25438316A01}.Release|Any CPU.ActiveCfg = Release|Any CPU
		{D9ABC9F8-AF06-490A-8DFB-F25438316A01}.Release|Any CPU.Build.0 = Release|Any CPU
		{587BD5F5-F118-43FB-BACA-46576E9AA7EB}.Debug|Any CPU.ActiveCfg = Debug|Any CPU
		{587BD5F5-F118-43FB-BACA-46576E9AA7EB}.Debug|Any CPU.Build.0 = Debug|Any CPU
		{587BD5F5-F118-43FB-BACA-46576E9AA7EB}.Release|Any CPU.ActiveCfg = Release|Any CPU
		{587BD5F5-F118-43FB-BACA-46576E9AA7EB}.Release|Any CPU.Build.0 = Release|Any CPU
		{530D4A5B-1D70-46BC-AA94-99F689A3A4FE}.Debug|Any CPU.ActiveCfg = Debug|Any CPU
		{530D4A5B-1D70-46BC-AA94-99F689A3A4FE}.Debug|Any CPU.Build.0 = Debug|Any CPU
		{530D4A5B-1D70-46BC-AA94-99F689A3A4FE}.Release|Any CPU.ActiveCfg = Release|Any CPU
		{530D4A5B-1D70-46BC-AA94-99F689A3A4FE}.Release|Any CPU.Build.0 = Release|Any CPU
		{7B79B5F3-7D73-4274-AD7A-8AAE10FBE127}.Debug|Any CPU.ActiveCfg = Debug|Any CPU
		{7B79B5F3-7D73-4274-AD7A-8AAE10FBE127}.Debug|Any CPU.Build.0 = Debug|Any CPU
		{7B79B5F3-7D73-4274-AD7A-8AAE10FBE127}.Release|Any CPU.ActiveCfg = Release|Any CPU
		{7B79B5F3-7D73-4274-AD7A-8AAE10FBE127}.Release|Any CPU.Build.0 = Release|Any CPU
		{56A1AC2F-4A33-4819-AC88-0A6CA579F00C}.Debug|Any CPU.ActiveCfg = Debug|Any CPU
		{56A1AC2F-4A33-4819-AC88-0A6CA579F00C}.Debug|Any CPU.Build.0 = Debug|Any CPU
		{56A1AC2F-4A33-4819-AC88-0A6CA579F00C}.Release|Any CPU.ActiveCfg = Release|Any CPU
		{56A1AC2F-4A33-4819-AC88-0A6CA579F00C}.Release|Any CPU.Build.0 = Release|Any CPU
		{F64AC361-A06E-44D2-A2B7-67C5AA8A3B37}.Debug|Any CPU.ActiveCfg = Debug|Any CPU
		{F64AC361-A06E-44D2-A2B7-67C5AA8A3B37}.Debug|Any CPU.Build.0 = Debug|Any CPU
		{F64AC361-A06E-44D2-A2B7-67C5AA8A3B37}.Release|Any CPU.ActiveCfg = Release|Any CPU
		{F64AC361-A06E-44D2-A2B7-67C5AA8A3B37}.Release|Any CPU.Build.0 = Release|Any CPU
		{51951AE1-1480-4199-9CDB-B1116656050A}.Debug|Any CPU.ActiveCfg = Debug|Any CPU
		{51951AE1-1480-4199-9CDB-B1116656050A}.Debug|Any CPU.Build.0 = Debug|Any CPU
		{51951AE1-1480-4199-9CDB-B1116656050A}.Release|Any CPU.ActiveCfg = Release|Any CPU
		{51951AE1-1480-4199-9CDB-B1116656050A}.Release|Any CPU.Build.0 = Release|Any CPU
		{D05E0AEC-5C36-49BC-A4C3-728C5C26C871}.Debug|Any CPU.ActiveCfg = Debug|Any CPU
		{D05E0AEC-5C36-49BC-A4C3-728C5C26C871}.Debug|Any CPU.Build.0 = Debug|Any CPU
		{D05E0AEC-5C36-49BC-A4C3-728C5C26C871}.Release|Any CPU.ActiveCfg = Release|Any CPU
		{D05E0AEC-5C36-49BC-A4C3-728C5C26C871}.Release|Any CPU.Build.0 = Release|Any CPU
	EndGlobalSection
	GlobalSection(SolutionProperties) = preSolution
		HideSolutionNode = FALSE
	EndGlobalSection
	GlobalSection(NestedProjects) = preSolution
		{51951AE1-1480-4199-9CDB-B1116656050A} = {01B9DC7E-7011-4D1A-8C2F-037C4924593B}
		{4BBED3C4-5CAB-43F6-BB26-950BEAC4B452} = {01B9DC7E-7011-4D1A-8C2F-037C4924593B}
	EndGlobalSection
EndGlobal
